
Microsoft Visual Studio Solution File, Format Version 12.00
# Visual Studio Version 17
VisualStudioVersion = 17.0.31903.59
MinimumVisualStudioVersion = 10.0.40219.1
Project("{FAE04EC0-301F-11D3-BF4B-00C04F79EFBC}") = "Stack_Calculator", "Stack_Calculator\Stack Calculator.csproj", "{A3B1D506-C444-4667-BC64-155BCA9CA28D}"
EndProject
Project("{FAE04EC0-301F-11D3-BF4B-00C04F79EFBC}") = "StackCalculatorTest", "StackCalculatorTest\StackCalculatorTest.csproj", "{BA616FBE-23D4-48D4-B5EF-07DDF9AE1988}"
EndProject
Global
	GlobalSection(SolutionConfigurationPlatforms) = preSolution
		Debug|Any CPU = Debug|Any CPU
		Release|Any CPU = Release|Any CPU
	EndGlobalSection
	GlobalSection(SolutionProperties) = preSolution
		HideSolutionNode = FALSE
	EndGlobalSection
	GlobalSection(ProjectConfigurationPlatforms) = postSolution
		{A3B1D506-C444-4667-BC64-155BCA9CA28D}.Debug|Any CPU.ActiveCfg = Debug|Any CPU
		{A3B1D506-C444-4667-BC64-155BCA9CA28D}.Debug|Any CPU.Build.0 = Debug|Any CPU
		{A3B1D506-C444-4667-BC64-155BCA9CA28D}.Release|Any CPU.ActiveCfg = Release|Any CPU
		{A3B1D506-C444-4667-BC64-155BCA9CA28D}.Release|Any CPU.Build.0 = Release|Any CPU
		{BA616FBE-23D4-48D4-B5EF-07DDF9AE1988}.Debug|Any CPU.ActiveCfg = Debug|Any CPU
		{BA616FBE-23D4-48D4-B5EF-07DDF9AE1988}.Debug|Any CPU.Build.0 = Debug|Any CPU
		{BA616FBE-23D4-48D4-B5EF-07DDF9AE1988}.Release|Any CPU.ActiveCfg = Release|Any CPU
		{BA616FBE-23D4-48D4-B5EF-07DDF9AE1988}.Release|Any CPU.Build.0 = Release|Any CPU
	EndGlobalSection
EndGlobal
